// !$*UTF8*$!
{
	archiveVersion = 1;
	classes = {
	};
	objectVersion = 46;
	objects = {

/* Begin PBXBuildFile section */
		DC50F78C1CE5869C003ADCF8 /* AppDelegate.swift in Sources */ = {isa = PBXBuildFile; fileRef = DC50F78B1CE5869C003ADCF8 /* AppDelegate.swift */; };
		DC50F78E1CE5869C003ADCF8 /* ViewController.swift in Sources */ = {isa = PBXBuildFile; fileRef = DC50F78D1CE5869C003ADCF8 /* ViewController.swift */; };
		DC50F7911CE5869C003ADCF8 /* Main.storyboard in Resources */ = {isa = PBXBuildFile; fileRef = DC50F78F1CE5869C003ADCF8 /* Main.storyboard */; };
		DC50F7931CE5869C003ADCF8 /* Assets.xcassets in Resources */ = {isa = PBXBuildFile; fileRef = DC50F7921CE5869C003ADCF8 /* Assets.xcassets */; };
		DC50F7961CE5869C003ADCF8 /* LaunchScreen.storyboard in Resources */ = {isa = PBXBuildFile; fileRef = DC50F7941CE5869C003ADCF8 /* LaunchScreen.storyboard */; };
		DC50F7A11CE5869D003ADCF8 /* ZMLogsTests.swift in Sources */ = {isa = PBXBuildFile; fileRef = DC50F7A01CE5869D003ADCF8 /* ZMLogsTests.swift */; };
		DC50F7AC1CE5869D003ADCF8 /* ZMLogsUITests.swift in Sources */ = {isa = PBXBuildFile; fileRef = DC50F7AB1CE5869D003ADCF8 /* ZMLogsUITests.swift */; };
		DC50F7BB1CE58891003ADCF8 /* ZMLogs.swift in Sources */ = {isa = PBXBuildFile; fileRef = DC50F7BA1CE58891003ADCF8 /* ZMLogs.swift */; };
		DC50F7BD1CE59A5B003ADCF8 /* testViewController.swift in Sources */ = {isa = PBXBuildFile; fileRef = DC50F7BC1CE59A5B003ADCF8 /* testViewController.swift */; };
/* End PBXBuildFile section */

/* Begin PBXContainerItemProxy section */
		DC50F79D1CE5869D003ADCF8 /* PBXContainerItemProxy */ = {
			isa = PBXContainerItemProxy;
			containerPortal = DC50F7801CE5869C003ADCF8 /* Project object */;
			proxyType = 1;
			remoteGlobalIDString = DC50F7871CE5869C003ADCF8;
			remoteInfo = ZMLogs;
		};
		DC50F7A81CE5869D003ADCF8 /* PBXContainerItemProxy */ = {
			isa = PBXContainerItemProxy;
			containerPortal = DC50F7801CE5869C003ADCF8 /* Project object */;
			proxyType = 1;
			remoteGlobalIDString = DC50F7871CE5869C003ADCF8;
			remoteInfo = ZMLogs;
		};
/* End PBXContainerItemProxy section */

/* Begin PBXFileReference section */
		DC50F7881CE5869C003ADCF8 /* ZMLogs.app */ = {isa = PBXFileReference; explicitFileType = wrapper.application; includeInIndex = 0; path = ZMLogs.app; sourceTree = BUILT_PRODUCTS_DIR; };
		DC50F78B1CE5869C003ADCF8 /* AppDelegate.swift */ = {isa = PBXFileReference; lastKnownFileType = sourcecode.swift; path = AppDelegate.swift; sourceTree = "<group>"; };
		DC50F78D1CE5869C003ADCF8 /* ViewController.swift */ = {isa = PBXFileReference; lastKnownFileType = sourcecode.swift; path = ViewController.swift; sourceTree = "<group>"; };
		DC50F7901CE5869C003ADCF8 /* Base */ = {isa = PBXFileReference; lastKnownFileType = file.storyboard; name = Base; path = Base.lproj/Main.storyboard; sourceTree = "<group>"; };
		DC50F7921CE5869C003ADCF8 /* Assets.xcassets */ = {isa = PBXFileReference; lastKnownFileType = folder.assetcatalog; path = Assets.xcassets; sourceTree = "<group>"; };
		DC50F7951CE5869C003ADCF8 /* Base */ = {isa = PBXFileReference; lastKnownFileType = file.storyboard; name = Base; path = Base.lproj/LaunchScreen.storyboard; sourceTree = "<group>"; };
		DC50F7971CE5869C003ADCF8 /* Info.plist */ = {isa = PBXFileReference; lastKnownFileType = text.plist.xml; path = Info.plist; sourceTree = "<group>"; };
		DC50F79C1CE5869D003ADCF8 /* ZMLogsTests.xctest */ = {isa = PBXFileReference; explicitFileType = wrapper.cfbundle; includeInIndex = 0; path = ZMLogsTests.xctest; sourceTree = BUILT_PRODUCTS_DIR; };
		DC50F7A01CE5869D003ADCF8 /* ZMLogsTests.swift */ = {isa = PBXFileReference; lastKnownFileType = sourcecode.swift; path = ZMLogsTests.swift; sourceTree = "<group>"; };
		DC50F7A21CE5869D003ADCF8 /* Info.plist */ = {isa = PBXFileReference; lastKnownFileType = text.plist.xml; path = Info.plist; sourceTree = "<group>"; };
		DC50F7A71CE5869D003ADCF8 /* ZMLogsUITests.xctest */ = {isa = PBXFileReference; explicitFileType = wrapper.cfbundle; includeInIndex = 0; path = ZMLogsUITests.xctest; sourceTree = BUILT_PRODUCTS_DIR; };
		DC50F7AB1CE5869D003ADCF8 /* ZMLogsUITests.swift */ = {isa = PBXFileReference; lastKnownFileType = sourcecode.swift; path = ZMLogsUITests.swift; sourceTree = "<group>"; };
		DC50F7AD1CE5869D003ADCF8 /* Info.plist */ = {isa = PBXFileReference; lastKnownFileType = text.plist.xml; path = Info.plist; sourceTree = "<group>"; };
		DC50F7BA1CE58891003ADCF8 /* ZMLogs.swift */ = {isa = PBXFileReference; fileEncoding = 4; lastKnownFileType = sourcecode.swift; path = ZMLogs.swift; sourceTree = "<group>"; };
		DC50F7BC1CE59A5B003ADCF8 /* testViewController.swift */ = {isa = PBXFileReference; fileEncoding = 4; lastKnownFileType = sourcecode.swift; path = testViewController.swift; sourceTree = "<group>"; };
/* End PBXFileReference section */

/* Begin PBXFrameworksBuildPhase section */
		DC50F7851CE5869C003ADCF8 /* Frameworks */ = {
			isa = PBXFrameworksBuildPhase;
			buildActionMask = 2147483647;
			files = (
			);
			runOnlyForDeploymentPostprocessing = 0;
		};
		DC50F7991CE5869D003ADCF8 /* Frameworks */ = {
			isa = PBXFrameworksBuildPhase;
			buildActionMask = 2147483647;
			files = (
			);
			runOnlyForDeploymentPostprocessing = 0;
		};
		DC50F7A41CE5869D003ADCF8 /* Frameworks */ = {
			isa = PBXFrameworksBuildPhase;
			buildActionMask = 2147483647;
			files = (
			);
			runOnlyForDeploymentPostprocessing = 0;
		};
/* End PBXFrameworksBuildPhase section */

/* Begin PBXGroup section */
		DC50F77F1CE5869C003ADCF8 = {
			isa = PBXGroup;
			children = (
				DC50F78A1CE5869C003ADCF8 /* ZMLogs */,
				DC50F79F1CE5869D003ADCF8 /* ZMLogsTests */,
				DC50F7AA1CE5869D003ADCF8 /* ZMLogsUITests */,
				DC50F7891CE5869C003ADCF8 /* Products */,
			);
			sourceTree = "<group>";
		};
		DC50F7891CE5869C003ADCF8 /* Products */ = {
			isa = PBXGroup;
			children = (
				DC50F7881CE5869C003ADCF8 /* ZMLogs.app */,
				DC50F79C1CE5869D003ADCF8 /* ZMLogsTests.xctest */,
				DC50F7A71CE5869D003ADCF8 /* ZMLogsUITests.xctest */,
			);
			name = Products;
			sourceTree = "<group>";
		};
		DC50F78A1CE5869C003ADCF8 /* ZMLogs */ = {
			isa = PBXGroup;
			children = (
				DC50F7B91CE587B1003ADCF8 /* ZMLogs */,
				DC50F78B1CE5869C003ADCF8 /* AppDelegate.swift */,
				DC50F78D1CE5869C003ADCF8 /* ViewController.swift */,
				DC50F7BC1CE59A5B003ADCF8 /* testViewController.swift */,
				DC50F78F1CE5869C003ADCF8 /* Main.storyboard */,
				DC50F7921CE5869C003ADCF8 /* Assets.xcassets */,
				DC50F7941CE5869C003ADCF8 /* LaunchScreen.storyboard */,
				DC50F7971CE5869C003ADCF8 /* Info.plist */,
			);
			path = ZMLogs;
			sourceTree = "<group>";
		};
		DC50F79F1CE5869D003ADCF8 /* ZMLogsTests */ = {
			isa = PBXGroup;
			children = (
				DC50F7A01CE5869D003ADCF8 /* ZMLogsTests.swift */,
				DC50F7A21CE5869D003ADCF8 /* Info.plist */,
			);
			path = ZMLogsTests;
			sourceTree = "<group>";
		};
		DC50F7AA1CE5869D003ADCF8 /* ZMLogsUITests */ = {
			isa = PBXGroup;
			children = (
				DC50F7AB1CE5869D003ADCF8 /* ZMLogsUITests.swift */,
				DC50F7AD1CE5869D003ADCF8 /* Info.plist */,
			);
			path = ZMLogsUITests;
			sourceTree = "<group>";
		};
		DC50F7B91CE587B1003ADCF8 /* ZMLogs */ = {
			isa = PBXGroup;
			children = (
				DC50F7BA1CE58891003ADCF8 /* ZMLogs.swift */,
			);
			path = ZMLogs;
			sourceTree = "<group>";
		};
/* End PBXGroup section */

/* Begin PBXNativeTarget section */
		DC50F7871CE5869C003ADCF8 /* ZMLogs */ = {
			isa = PBXNativeTarget;
			buildConfigurationList = DC50F7B01CE5869D003ADCF8 /* Build configuration list for PBXNativeTarget "ZMLogs" */;
			buildPhases = (
				DC50F7841CE5869C003ADCF8 /* Sources */,
				DC50F7851CE5869C003ADCF8 /* Frameworks */,
				DC50F7861CE5869C003ADCF8 /* Resources */,
			);
			buildRules = (
			);
			dependencies = (
			);
			name = ZMLogs;
			productName = ZMLogs;
			productReference = DC50F7881CE5869C003ADCF8 /* ZMLogs.app */;
			productType = "com.apple.product-type.application";
		};
		DC50F79B1CE5869D003ADCF8 /* ZMLogsTests */ = {
			isa = PBXNativeTarget;
			buildConfigurationList = DC50F7B31CE5869D003ADCF8 /* Build configuration list for PBXNativeTarget "ZMLogsTests" */;
			buildPhases = (
				DC50F7981CE5869D003ADCF8 /* Sources */,
				DC50F7991CE5869D003ADCF8 /* Frameworks */,
				DC50F79A1CE5869D003ADCF8 /* Resources */,
			);
			buildRules = (
			);
			dependencies = (
				DC50F79E1CE5869D003ADCF8 /* PBXTargetDependency */,
			);
			name = ZMLogsTests;
			productName = ZMLogsTests;
			productReference = DC50F79C1CE5869D003ADCF8 /* ZMLogsTests.xctest */;
			productType = "com.apple.product-type.bundle.unit-test";
		};
		DC50F7A61CE5869D003ADCF8 /* ZMLogsUITests */ = {
			isa = PBXNativeTarget;
			buildConfigurationList = DC50F7B61CE5869D003ADCF8 /* Build configuration list for PBXNativeTarget "ZMLogsUITests" */;
			buildPhases = (
				DC50F7A31CE5869D003ADCF8 /* Sources */,
				DC50F7A41CE5869D003ADCF8 /* Frameworks */,
				DC50F7A51CE5869D003ADCF8 /* Resources */,
			);
			buildRules = (
			);
			dependencies = (
				DC50F7A91CE5869D003ADCF8 /* PBXTargetDependency */,
			);
			name = ZMLogsUITests;
			productName = ZMLogsUITests;
			productReference = DC50F7A71CE5869D003ADCF8 /* ZMLogsUITests.xctest */;
			productType = "com.apple.product-type.bundle.ui-testing";
		};
/* End PBXNativeTarget section */

/* Begin PBXProject section */
		DC50F7801CE5869C003ADCF8 /* Project object */ = {
			isa = PBXProject;
			attributes = {
				LastSwiftUpdateCheck = 0730;
				LastUpgradeCheck = 0730;
				ORGANIZATIONNAME = zhanming;
				TargetAttributes = {
					DC50F7871CE5869C003ADCF8 = {
						CreatedOnToolsVersion = 7.3;
					};
					DC50F79B1CE5869D003ADCF8 = {
						CreatedOnToolsVersion = 7.3;
						TestTargetID = DC50F7871CE5869C003ADCF8;
					};
					DC50F7A61CE5869D003ADCF8 = {
						CreatedOnToolsVersion = 7.3;
						TestTargetID = DC50F7871CE5869C003ADCF8;
					};
				};
			};
			buildConfigurationList = DC50F7831CE5869C003ADCF8 /* Build configuration list for PBXProject "ZMLogs" */;
			compatibilityVersion = "Xcode 3.2";
			developmentRegion = English;
			hasScannedForEncodings = 0;
			knownRegions = (
				en,
				Base,
			);
			mainGroup = DC50F77F1CE5869C003ADCF8;
			productRefGroup = DC50F7891CE5869C003ADCF8 /* Products */;
			projectDirPath = "";
			projectRoot = "";
			targets = (
				DC50F7871CE5869C003ADCF8 /* ZMLogs */,
				DC50F79B1CE5869D003ADCF8 /* ZMLogsTests */,
				DC50F7A61CE5869D003ADCF8 /* ZMLogsUITests */,
			);
		};
/* End PBXProject section */

/* Begin PBXResourcesBuildPhase section */
		DC50F7861CE5869C003ADCF8 /* Resources */ = {
			isa = PBXResourcesBuildPhase;
			buildActionMask = 2147483647;
			files = (
				DC50F7961CE5869C003ADCF8 /* LaunchScreen.storyboard in Resources */,
				DC50F7931CE5869C003ADCF8 /* Assets.xcassets in Resources */,
				DC50F7911CE5869C003ADCF8 /* Main.storyboard in Resources */,
			);
			runOnlyForDeploymentPostprocessing = 0;
		};
		DC50F79A1CE5869D003ADCF8 /* Resources */ = {
			isa = PBXResourcesBuildPhase;
			buildActionMask = 2147483647;
			files = (
			);
			runOnlyForDeploymentPostprocessing = 0;
		};
		DC50F7A51CE5869D003ADCF8 /* Resources */ = {
			isa = PBXResourcesBuildPhase;
			buildActionMask = 2147483647;
			files = (
			);
			runOnlyForDeploymentPostprocessing = 0;
		};
/* End PBXResourcesBuildPhase section */

/* Begin PBXSourcesBuildPhase section */
		DC50F7841CE5869C003ADCF8 /* Sources */ = {
			isa = PBXSourcesBuildPhase;
			buildActionMask = 2147483647;
			files = (
				DC50F7BB1CE58891003ADCF8 /* ZMLogs.swift in Sources */,
				DC50F78E1CE5869C003ADCF8 /* ViewController.swift in Sources */,
				DC50F7BD1CE59A5B003ADCF8 /* testViewController.swift in Sources */,
				DC50F78C1CE5869C003ADCF8 /* AppDelegate.swift in Sources */,
			);
			runOnlyForDeploymentPostprocessing = 0;
		};
		DC50F7981CE5869D003ADCF8 /* Sources */ = {
			isa = PBXSourcesBuildPhase;
			buildActionMask = 2147483647;
			files = (
				DC50F7A11CE5869D003ADCF8 /* ZMLogsTests.swift in Sources */,
			);
			runOnlyForDeploymentPostprocessing = 0;
		};
		DC50F7A31CE5869D003ADCF8 /* Sources */ = {
			isa = PBXSourcesBuildPhase;
			buildActionMask = 2147483647;
			files = (
				DC50F7AC1CE5869D003ADCF8 /* ZMLogsUITests.swift in Sources */,
			);
			runOnlyForDeploymentPostprocessing = 0;
		};
/* End PBXSourcesBuildPhase section */

/* Begin PBXTargetDependency section */
		DC50F79E1CE5869D003ADCF8 /* PBXTargetDependency */ = {
			isa = PBXTargetDependency;
			target = DC50F7871CE5869C003ADCF8 /* ZMLogs */;
			targetProxy = DC50F79D1CE5869D003ADCF8 /* PBXContainerItemProxy */;
		};
		DC50F7A91CE5869D003ADCF8 /* PBXTargetDependency */ = {
			isa = PBXTargetDependency;
			target = DC50F7871CE5869C003ADCF8 /* ZMLogs */;
			targetProxy = DC50F7A81CE5869D003ADCF8 /* PBXContainerItemProxy */;
		};
/* End PBXTargetDependency section */

/* Begin PBXVariantGroup section */
		DC50F78F1CE5869C003ADCF8 /* Main.storyboard */ = {
			isa = PBXVariantGroup;
			children = (
				DC50F7901CE5869C003ADCF8 /* Base */,
			);
			name = Main.storyboard;
			sourceTree = "<group>";
		};
		DC50F7941CE5869C003ADCF8 /* LaunchScreen.storyboard */ = {
			isa = PBXVariantGroup;
			children = (
				DC50F7951CE5869C003ADCF8 /* Base */,
			);
			name = LaunchScreen.storyboard;
			sourceTree = "<group>";
		};
/* End PBXVariantGroup section */

/* Begin XCBuildConfiguration section */
		DC50F7AE1CE5869D003ADCF8 /* Debug */ = {
			isa = XCBuildConfiguration;
			buildSettings = {
				ALWAYS_SEARCH_USER_PATHS = NO;
				CLANG_ANALYZER_NONNULL = YES;
				CLANG_CXX_LANGUAGE_STANDARD = "gnu++0x";
				CLANG_CXX_LIBRARY = "libc++";
				CLANG_ENABLE_MODULES = YES;
				CLANG_ENABLE_OBJC_ARC = YES;
				CLANG_WARN_BOOL_CONVERSION = YES;
				CLANG_WARN_CONSTANT_CONVERSION = YES;
				CLANG_WARN_DIRECT_OBJC_ISA_USAGE = YES_ERROR;
				CLANG_WARN_EMPTY_BODY = YES;
				CLANG_WARN_ENUM_CONVERSION = YES;
				CLANG_WARN_INT_CONVERSION = YES;
				CLANG_WARN_OBJC_ROOT_CLASS = YES_ERROR;
				CLANG_WARN_UNREACHABLE_CODE = YES;
				CLANG_WARN__DUPLICATE_METHOD_MATCH = YES;
				"CODE_SIGN_IDENTITY[sdk=iphoneos*]" = "iPhone Developer";
				COPY_PHASE_STRIP = NO;
				DEBUG_INFORMATION_FORMAT = dwarf;
				ENABLE_STRICT_OBJC_MSGSEND = YES;
				ENABLE_TESTABILITY = YES;
				GCC_C_LANGUAGE_STANDARD = gnu99;
				GCC_DYNAMIC_NO_PIC = NO;
				GCC_NO_COMMON_BLOCKS = YES;
				GCC_OPTIMIZATION_LEVEL = 0;
				GCC_PREPROCESSOR_DEFINITIONS = (
					"DEBUG=1",
					"$(inherited)",
				);
				GCC_WARN_64_TO_32_BIT_CONVERSION = YES;
				GCC_WARN_ABOUT_RETURN_TYPE = YES_ERROR;
				GCC_WARN_UNDECLARED_SELECTOR = YES;
				GCC_WARN_UNINITIALIZED_AUTOS = YES_AGGRESSIVE;
				GCC_WARN_UNUSED_FUNCTION = YES;
				GCC_WARN_UNUSED_VARIABLE = YES;
				IPHONEOS_DEPLOYMENT_TARGET = 9.3;
				MTL_ENABLE_DEBUG_INFO = YES;
				ONLY_ACTIVE_ARCH = YES;
				SDKROOT = iphoneos;
				SWIFT_OPTIMIZATION_LEVEL = "-Onone";
				TARGETED_DEVICE_FAMILY = "1,2";
			};
			name = Debug;
		};
		DC50F7AF1CE5869D003ADCF8 /* Release */ = {
			isa = XCBuildConfiguration;
			buildSettings = {
				ALWAYS_SEARCH_USER_PATHS = NO;
				CLANG_ANALYZER_NONNULL = YES;
				CLANG_CXX_LANGUAGE_STANDARD = "gnu++0x";
				CLANG_CXX_LIBRARY = "libc++";
				CLANG_ENABLE_MODULES = YES;
				CLANG_ENABLE_OBJC_ARC = YES;
				CLANG_WARN_BOOL_CONVERSION = YES;
				CLANG_WARN_CONSTANT_CONVERSION = YES;
				CLANG_WARN_DIRECT_OBJC_ISA_USAGE = YES_ERROR;
				CLANG_WARN_EMPTY_BODY = YES;
				CLANG_WARN_ENUM_CONVERSION = YES;
				CLANG_WARN_INT_CONVERSION = YES;
				CLANG_WARN_OBJC_ROOT_CLASS = YES_ERROR;
				CLANG_WARN_UNREACHABLE_CODE = YES;
				CLANG_WARN__DUPLICATE_METHOD_MATCH = YES;
				"CODE_SIGN_IDENTITY[sdk=iphoneos*]" = "iPhone Developer";
				COPY_PHASE_STRIP = NO;
				DEBUG_INFORMATION_FORMAT = "dwarf-with-dsym";
				ENABLE_NS_ASSERTIONS = NO;
				ENABLE_STRICT_OBJC_MSGSEND = YES;
				GCC_C_LANGUAGE_STANDARD = gnu99;
				GCC_NO_COMMON_BLOCKS = YES;
				GCC_WARN_64_TO_32_BIT_CONVERSION = YES;
				GCC_WARN_ABOUT_RETURN_TYPE = YES_ERROR;
				GCC_WARN_UNDECLARED_SELECTOR = YES;
				GCC_WARN_UNINITIALIZED_AUTOS = YES_AGGRESSIVE;
				GCC_WARN_UNUSED_FUNCTION = YES;
				GCC_WARN_UNUSED_VARIABLE = YES;
				IPHONEOS_DEPLOYMENT_TARGET = 9.3;
				MTL_ENABLE_DEBUG_INFO = NO;
				SDKROOT = iphoneos;
				TARGETED_DEVICE_FAMILY = "1,2";
				VALIDATE_PRODUCT = YES;
			};
			name = Release;
		};
		DC50F7B11CE5869D003ADCF8 /* Debug */ = {
			isa = XCBuildConfiguration;
			buildSettings = {
				ASSETCATALOG_COMPILER_APPICON_NAME = AppIcon;
				INFOPLIST_FILE = ZMLogs/Info.plist;
				LD_RUNPATH_SEARCH_PATHS = "$(inherited) @executable_path/Frameworks";
				PRODUCT_BUNDLE_IDENTIFIER = com.zhanming.text.ZMLogs;
				PRODUCT_NAME = "$(TARGET_NAME)";
			};
			name = Debug;
		};
		DC50F7B21CE5869D003ADCF8 /* Release */ = {
			isa = XCBuildConfiguration;
			buildSettings = {
				ASSETCATALOG_COMPILER_APPICON_NAME = AppIcon;
				INFOPLIST_FILE = ZMLogs/Info.plist;
				LD_RUNPATH_SEARCH_PATHS = "$(inherited) @executable_path/Frameworks";
				PRODUCT_BUNDLE_IDENTIFIER = com.zhanming.text.ZMLogs;
				PRODUCT_NAME = "$(TARGET_NAME)";
			};
			name = Release;
		};
		DC50F7B41CE5869D003ADCF8 /* Debug */ = {
			isa = XCBuildConfiguration;
			buildSettings = {
				BUNDLE_LOADER = "$(TEST_HOST)";
				INFOPLIST_FILE = ZMLogsTests/Info.plist;
				LD_RUNPATH_SEARCH_PATHS = "$(inherited) @executable_path/Frameworks @loader_path/Frameworks";
				PRODUCT_BUNDLE_IDENTIFIER = com.zhanming.text.ZMLogsTests;
				PRODUCT_NAME = "$(TARGET_NAME)";
				TEST_HOST = "$(BUILT_PRODUCTS_DIR)/ZMLogs.app/ZMLogs";
			};
			name = Debug;
		};
		DC50F7B51CE5869D003ADCF8 /* Release */ = {
			isa = XCBuildConfiguration;
			buildSettings = {
				BUNDLE_LOADER = "$(TEST_HOST)";
				INFOPLIST_FILE = ZMLogsTests/Info.plist;
				LD_RUNPATH_SEARCH_PATHS = "$(inherited) @executable_path/Frameworks @loader_path/Frameworks";
				PRODUCT_BUNDLE_IDENTIFIER = com.zhanming.text.ZMLogsTests;
				PRODUCT_NAME = "$(TARGET_NAME)";
				TEST_HOST = "$(BUILT_PRODUCTS_DIR)/ZMLogs.app/ZMLogs";
			};
			name = Release;
		};
		DC50F7B71CE5869D003ADCF8 /* Debug */ = {
			isa = XCBuildConfiguration;
			buildSettings = {
				INFOPLIST_FILE = ZMLogsUITests/Info.plist;
				LD_RUNPATH_SEARCH_PATHS = "$(inherited) @executable_path/Frameworks @loader_path/Frameworks";
				PRODUCT_BUNDLE_IDENTIFIER = com.zhanming.text.ZMLogsUITests;
				PRODUCT_NAME = "$(TARGET_NAME)";
				TEST_TARGET_NAME = ZMLogs;
			};
			name = Debug;
		};
		DC50F7B81CE5869D003ADCF8 /* Release */ = {
			isa = XCBuildConfiguration;
			buildSettings = {
				INFOPLIST_FILE = ZMLogsUITests/Info.plist;
				LD_RUNPATH_SEARCH_PATHS = "$(inherited) @executable_path/Frameworks @loader_path/Frameworks";
				PRODUCT_BUNDLE_IDENTIFIER = com.zhanming.text.ZMLogsUITests;
				PRODUCT_NAME = "$(TARGET_NAME)";
				TEST_TARGET_NAME = ZMLogs;
			};
			name = Release;
		};
/* End XCBuildConfiguration section */

/* Begin XCConfigurationList section */
		DC50F7831CE5869C003ADCF8 /* Build configuration list for PBXProject "ZMLogs" */ = {
			isa = XCConfigurationList;
			buildConfigurations = (
				DC50F7AE1CE5869D003ADCF8 /* Debug */,
				DC50F7AF1CE5869D003ADCF8 /* Release */,
			);
			defaultConfigurationIsVisible = 0;
			defaultConfigurationName = Release;
		};
		DC50F7B01CE5869D003ADCF8 /* Build configuration list for PBXNativeTarget "ZMLogs" */ = {
			isa = XCConfigurationList;
			buildConfigurations = (
				DC50F7B11CE5869D003ADCF8 /* Debug */,
				DC50F7B21CE5869D003ADCF8 /* Release */,
			);
			defaultConfigurationIsVisible = 0;
			defaultConfigurationName = Release;
		};
		DC50F7B31CE5869D003ADCF8 /* Build configuration list for PBXNativeTarget "ZMLogsTests" */ = {
			isa = XCConfigurationList;
			buildConfigurations = (
				DC50F7B41CE5869D003ADCF8 /* Debug */,
				DC50F7B51CE5869D003ADCF8 /* Release */,
			);
			defaultConfigurationIsVisible = 0;
			defaultConfigurationName = Release;
		};
		DC50F7B61CE5869D003ADCF8 /* Build configuration list for PBXNativeTarget "ZMLogsUITests" */ = {
			isa = XCConfigurationList;
			buildConfigurations = (
				DC50F7B71CE5869D003ADCF8 /* Debug */,
				DC50F7B81CE5869D003ADCF8 /* Release */,
			);
			defaultConfigurationIsVisible = 0;
			defaultConfigurationName = Release;
		};
/* End XCConfigurationList section */
	};
	rootObject = DC50F7801CE5869C003ADCF8 /* Project object */;
}
